
Microsoft Visual Studio Solution File, Format Version 12.00
# Visual Studio Version 17
VisualStudioVersion = 17.11.35219.272
MinimumVisualStudioVersion = 10.0.40219.1
Project("{FAE04EC0-301F-11D3-BF4B-00C04F79EFBC}") = "FredWindowsCleaner", "FredWindowsCleaner\FredWindowsCleaner.csproj", "{4661CCC6-62B0-45E3-8320-AFD25C232A7E}"
EndProject
Global
	GlobalSection(SolutionConfigurationPlatforms) = preSolution
		Debug|Any CPU = Debug|Any CPU
		Release|Any CPU = Release|Any CPU
	EndGlobalSection
	GlobalSection(ProjectConfigurationPlatforms) = postSolution
		{4661CCC6-62B0-45E3-8320-AFD25C232A7E}.Debug|Any CPU.ActiveCfg = Debug|Any CPU
		{4661CCC6-62B0-45E3-8320-AFD25C232A7E}.Debug|Any CPU.Build.0 = Debug|Any CPU
		{4661CCC6-62B0-45E3-8320-AFD25C232A7E}.Release|Any CPU.ActiveCfg = Release|Any CPU
		{4661CCC6-62B0-45E3-8320-AFD25C232A7E}.Release|Any CPU.Build.0 = Release|Any CPU
	EndGlobalSection
	GlobalSection(SolutionProperties) = preSolution
		HideSolutionNode = FALSE
	EndGlobalSection
	GlobalSection(ExtensibilityGlobals) = postSolution
		SolutionGuid = {E29391E1-3422-4F73-A354-78140117C5A8}
	EndGlobalSection
EndGlobal
